
Microsoft Visual Studio Solution File, Format Version 12.00
# Visual Studio 15
VisualStudioVersion = 15.0.27004.2009
MinimumVisualStudioVersion = 10.0.40219.1
Project("{2150E333-8FDC-42A3-9474-1A3956D46DE8}") = "Gateway", "Gateway", "{99121701-65AA-41D1-82A8-5EF8D7338299}"
EndProject
Project("{2150E333-8FDC-42A3-9474-1A3956D46DE8}") = "Microservices", "Microservices", "{2CBAB11A-A572-4D56-AB8A-4C8310D01F03}"
EndProject
Project("{2150E333-8FDC-42A3-9474-1A3956D46DE8}") = "Hospital", "Hospital", "{B21B73EA-AD17-44E0-881E-B1A012F37734}"
EndProject
Project("{9A19103F-16F7-4668-BE54-9A1E7A4F7556}") = "Hospital", "Microservices\Hospital\HospitalWeb\Hospital.csproj", "{F6B3ADC6-3E51-4648-A0E6-42A2275F68DA}"
EndProject
Project("{9A19103F-16F7-4668-BE54-9A1E7A4F7556}") = "HospitalBusinessLogic", "Microservices\Hospital\HospitalBusinessLogic\HospitalBusinessLogic.csproj", "{7E086D04-3A90-4140-86F5-649D1C17843D}"
EndProject
Project("{9A19103F-16F7-4668-BE54-9A1E7A4F7556}") = "HospitalDAL", "Microservices\Hospital\HospitalDAL\HospitalDAL.csproj", "{B37704A3-BB94-45E2-AF55-A36CA548DD5C}"
EndProject
Project("{9A19103F-16F7-4668-BE54-9A1E7A4F7556}") = "HospitalCommon", "Microservices\Hospital\HospitalCommon\HospitalCommon.csproj", "{74A107B3-E9CF-4594-97FB-9889BA355F52}"
EndProject
Global
	GlobalSection(SolutionConfigurationPlatforms) = preSolution
		Debug|Any CPU = Debug|Any CPU
		Release|Any CPU = Release|Any CPU
	EndGlobalSection
	GlobalSection(ProjectConfigurationPlatforms) = postSolution
		{F6B3ADC6-3E51-4648-A0E6-42A2275F68DA}.Debug|Any CPU.ActiveCfg = Debug|Any CPU
		{F6B3ADC6-3E51-4648-A0E6-42A2275F68DA}.Debug|Any CPU.Build.0 = Debug|Any CPU
		{F6B3ADC6-3E51-4648-A0E6-42A2275F68DA}.Release|Any CPU.ActiveCfg = Release|Any CPU
		{F6B3ADC6-3E51-4648-A0E6-42A2275F68DA}.Release|Any CPU.Build.0 = Release|Any CPU
		{7E086D04-3A90-4140-86F5-649D1C17843D}.Debug|Any CPU.ActiveCfg = Debug|Any CPU
		{7E086D04-3A90-4140-86F5-649D1C17843D}.Debug|Any CPU.Build.0 = Debug|Any CPU
		{7E086D04-3A90-4140-86F5-649D1C17843D}.Release|Any CPU.ActiveCfg = Release|Any CPU
		{7E086D04-3A90-4140-86F5-649D1C17843D}.Release|Any CPU.Build.0 = Release|Any CPU
		{B37704A3-BB94-45E2-AF55-A36CA548DD5C}.Debug|Any CPU.ActiveCfg = Debug|Any CPU
		{B37704A3-BB94-45E2-AF55-A36CA548DD5C}.Debug|Any CPU.Build.0 = Debug|Any CPU
		{B37704A3-BB94-45E2-AF55-A36CA548DD5C}.Release|Any CPU.ActiveCfg = Release|Any CPU
		{B37704A3-BB94-45E2-AF55-A36CA548DD5C}.Release|Any CPU.Build.0 = Release|Any CPU
		{74A107B3-E9CF-4594-97FB-9889BA355F52}.Debug|Any CPU.ActiveCfg = Debug|Any CPU
		{74A107B3-E9CF-4594-97FB-9889BA355F52}.Debug|Any CPU.Build.0 = Debug|Any CPU
		{74A107B3-E9CF-4594-97FB-9889BA355F52}.Release|Any CPU.ActiveCfg = Release|Any CPU
		{74A107B3-E9CF-4594-97FB-9889BA355F52}.Release|Any CPU.Build.0 = Release|Any CPU
		{E4721220-814B-4B33-8D5B-E5651855742E}.Debug|Any CPU.ActiveCfg = Debug|Any CPU
		{E4721220-814B-4B33-8D5B-E5651855742E}.Debug|Any CPU.Build.0 = Debug|Any CPU
		{E4721220-814B-4B33-8D5B-E5651855742E}.Release|Any CPU.ActiveCfg = Release|Any CPU
		{E4721220-814B-4B33-8D5B-E5651855742E}.Release|Any CPU.Build.0 = Release|Any CPU
		{2FE51C03-F261-47A0-A836-C8A7AC03FFD6}.Debug|Any CPU.ActiveCfg = Debug|Any CPU
		{2FE51C03-F261-47A0-A836-C8A7AC03FFD6}.Debug|Any CPU.Build.0 = Debug|Any CPU
		{2FE51C03-F261-47A0-A836-C8A7AC03FFD6}.Release|Any CPU.ActiveCfg = Release|Any CPU
		{2FE51C03-F261-47A0-A836-C8A7AC03FFD6}.Release|Any CPU.Build.0 = Release|Any CPU
		{3B4699D9-240D-4F79-B6E6-A0505F53C762}.Debug|Any CPU.ActiveCfg = Debug|Any CPU
		{3B4699D9-240D-4F79-B6E6-A0505F53C762}.Debug|Any CPU.Build.0 = Debug|Any CPU
		{3B4699D9-240D-4F79-B6E6-A0505F53C762}.Release|Any CPU.ActiveCfg = Release|Any CPU
		{3B4699D9-240D-4F79-B6E6-A0505F53C762}.Release|Any CPU.Build.0 = Release|Any CPU
		{4F320FA2-021D-4A39-B1E4-660CC543E973}.Debug|Any CPU.ActiveCfg = Debug|Any CPU
		{4F320FA2-021D-4A39-B1E4-660CC543E973}.Debug|Any CPU.Build.0 = Debug|Any CPU
		{4F320FA2-021D-4A39-B1E4-660CC543E973}.Release|Any CPU.ActiveCfg = Release|Any CPU
		{4F320FA2-021D-4A39-B1E4-660CC543E973}.Release|Any CPU.Build.0 = Release|Any CPU
	EndGlobalSection
	GlobalSection(SolutionProperties) = preSolution
		HideSolutionNode = FALSE
	EndGlobalSection
	GlobalSection(NestedProjects) = preSolution
		{B21B73EA-AD17-44E0-881E-B1A012F37734} = {2CBAB11A-A572-4D56-AB8A-4C8310D01F03}
		{F6B3ADC6-3E51-4648-A0E6-42A2275F68DA} = {B21B73EA-AD17-44E0-881E-B1A012F37734}
		{7E086D04-3A90-4140-86F5-649D1C17843D} = {B21B73EA-AD17-44E0-881E-B1A012F37734}
		{B37704A3-BB94-45E2-AF55-A36CA548DD5C} = {B21B73EA-AD17-44E0-881E-B1A012F37734}
		{74A107B3-E9CF-4594-97FB-9889BA355F52} = {B21B73EA-AD17-44E0-881E-B1A012F37734}
		{E4721220-814B-4B33-8D5B-E5651855742E} = {CEDBDB03-965C-4C6C-A37D-7B04A663F11C}
		{CEDBDB03-965C-4C6C-A37D-7B04A663F11C} = {2CBAB11A-A572-4D56-AB8A-4C8310D01F03}
		{2FE51C03-F261-47A0-A836-C8A7AC03FFD6} = {CEDBDB03-965C-4C6C-A37D-7B04A663F11C}
		{3B4699D9-240D-4F79-B6E6-A0505F53C762} = {CEDBDB03-965C-4C6C-A37D-7B04A663F11C}
		{4F320FA2-021D-4A39-B1E4-660CC543E973} = {CEDBDB03-965C-4C6C-A37D-7B04A663F11C}
	EndGlobalSection
	GlobalSection(ExtensibilityGlobals) = postSolution
		SolutionGuid = {AA6EBFCE-F351-4211-B269-8403CE1C5FAB}
	EndGlobalSection
EndGlobal
